
Microsoft Visual Studio Solution File, Format Version 12.00
# Visual Studio Version 16
VisualStudioVersion = 16.0.30011.22
MinimumVisualStudioVersion = 10.0.40219.1
Project("{9A19103F-16F7-4668-BE54-9A1E7A4F7556}") = "CodeGeneration.Selenium.Models", "CodeGeneration.Selenium.Models\CodeGeneration.Selenium.Models.csproj", "{2498A7E1-E52A-47E5-9EDF-F9CFBA833D9A}"
EndProject
Project("{FAE04EC0-301F-11D3-BF4B-00C04F79EFBC}") = "CodeGeneration.Selenium.App.New", "CodeGeneration.Selenium.App.New\CodeGeneration.Selenium.App.New.csproj", "{569D8667-6E4E-4751-8639-95AB6932964C}"
EndProject
Global
	GlobalSection(SolutionConfigurationPlatforms) = preSolution
		Debug|Any CPU = Debug|Any CPU
		Release|Any CPU = Release|Any CPU
	EndGlobalSection
	GlobalSection(ProjectConfigurationPlatforms) = postSolution
		{2498A7E1-E52A-47E5-9EDF-F9CFBA833D9A}.Debug|Any CPU.ActiveCfg = Debug|Any CPU
		{2498A7E1-E52A-47E5-9EDF-F9CFBA833D9A}.Debug|Any CPU.Build.0 = Debug|Any CPU
		{2498A7E1-E52A-47E5-9EDF-F9CFBA833D9A}.Release|Any CPU.ActiveCfg = Release|Any CPU
		{2498A7E1-E52A-47E5-9EDF-F9CFBA833D9A}.Release|Any CPU.Build.0 = Release|Any CPU
		{569D8667-6E4E-4751-8639-95AB6932964C}.Debug|Any CPU.ActiveCfg = Debug|Any CPU
		{569D8667-6E4E-4751-8639-95AB6932964C}.Debug|Any CPU.Build.0 = Debug|Any CPU
		{569D8667-6E4E-4751-8639-95AB6932964C}.Release|Any CPU.ActiveCfg = Release|Any CPU
		{569D8667-6E4E-4751-8639-95AB6932964C}.Release|Any CPU.Build.0 = Release|Any CPU
	EndGlobalSection
	GlobalSection(SolutionProperties) = preSolution
		HideSolutionNode = FALSE
	EndGlobalSection
	GlobalSection(ExtensibilityGlobals) = postSolution
		SolutionGuid = {4B6993BE-7031-41CA-BBDA-198E054E4FCC}
	EndGlobalSection
EndGlobal
